// !$*UTF8*$!
{
	archiveVersion = 1;
	classes = {
	};
	objectVersion = 46;
	objects = {

/* Begin PBXBuildFile section */
		75664B9E1A055EF200C85099 /* AppDelegate.swift in Sources */ = {isa = PBXBuildFile; fileRef = 75664B9D1A055EF200C85099 /* AppDelegate.swift */; };
		75664BA11A055EF200C85099 /* Payperless.xcdatamodeld in Sources */ = {isa = PBXBuildFile; fileRef = 75664B9F1A055EF200C85099 /* Payperless.xcdatamodeld */; };
		75664BA61A055EF200C85099 /* Main.storyboard in Resources */ = {isa = PBXBuildFile; fileRef = 75664BA41A055EF200C85099 /* Main.storyboard */; };
		75664BA81A055EF200C85099 /* Images.xcassets in Resources */ = {isa = PBXBuildFile; fileRef = 75664BA71A055EF200C85099 /* Images.xcassets */; };
		75664BB71A055EF300C85099 /* PayperlessTests.swift in Sources */ = {isa = PBXBuildFile; fileRef = 75664BB61A055EF300C85099 /* PayperlessTests.swift */; };
		756CEF2A1A0567F2005B71B7 /* PayperlessAPI.swift in Sources */ = {isa = PBXBuildFile; fileRef = 756CEF291A0567F2005B71B7 /* PayperlessAPI.swift */; };
		756CEF2C1A0580D4005B71B7 /* PayProcess.swift in Sources */ = {isa = PBXBuildFile; fileRef = 756CEF2B1A0580D4005B71B7 /* PayProcess.swift */; };
		756CEF331A0584FC005B71B7 /* BlurView.swift in Sources */ = {isa = PBXBuildFile; fileRef = 756CEF2E1A0584FC005B71B7 /* BlurView.swift */; };
		756CEF341A0584FC005B71B7 /* Data.swift in Sources */ = {isa = PBXBuildFile; fileRef = 756CEF2F1A0584FC005B71B7 /* Data.swift */; };
		756CEF351A0584FC005B71B7 /* DesignableView.swift in Sources */ = {isa = PBXBuildFile; fileRef = 756CEF301A0584FC005B71B7 /* DesignableView.swift */; };
		756CEF361A0584FC005B71B7 /* Misc.swift in Sources */ = {isa = PBXBuildFile; fileRef = 756CEF311A0584FC005B71B7 /* Misc.swift */; };
		756CEF371A0584FC005B71B7 /* SpringAnimation.swift in Sources */ = {isa = PBXBuildFile; fileRef = 756CEF321A0584FC005B71B7 /* SpringAnimation.swift */; };
		756DF4FB1A05CFAB00CBAC10 /* LocalAuthentication.framework in Frameworks */ = {isa = PBXBuildFile; fileRef = 756DF4FA1A05CFAB00CBAC10 /* LocalAuthentication.framework */; };
		756DF4FD1A05D7C900CBAC10 /* QRCode.swift in Sources */ = {isa = PBXBuildFile; fileRef = 756DF4FC1A05D7C900CBAC10 /* QRCode.swift */; };
		756DF5031A064D9B00CBAC10 /* LaunchScreen.xib in Resources */ = {isa = PBXBuildFile; fileRef = 756DF5011A064D9B00CBAC10 /* LaunchScreen.xib */; };
		756DF50B1A0650AB00CBAC10 /* NotificationCenter.framework in Frameworks */ = {isa = PBXBuildFile; fileRef = 756DF50A1A0650AB00CBAC10 /* NotificationCenter.framework */; };
		756DF5101A0650AB00CBAC10 /* TodayViewController.swift in Sources */ = {isa = PBXBuildFile; fileRef = 756DF50F1A0650AB00CBAC10 /* TodayViewController.swift */; };
		756DF5121A0650AB00CBAC10 /* MainInterface.storyboard in Resources */ = {isa = PBXBuildFile; fileRef = 756DF5111A0650AB00CBAC10 /* MainInterface.storyboard */; };
		756DF5151A0650AB00CBAC10 /* Payperless Widget.appex in Embed App Extensions */ = {isa = PBXBuildFile; fileRef = 756DF5081A0650AB00CBAC10 /* Payperless Widget.appex */; settings = {ATTRIBUTES = (RemoveHeadersOnCopy, ); }; };
		756DF51B1A06562A00CBAC10 /* Images.xcassets in Resources */ = {isa = PBXBuildFile; fileRef = 75664BA71A055EF200C85099 /* Images.xcassets */; };
/* End PBXBuildFile section */

/* Begin PBXContainerItemProxy section */
		75664BB11A055EF200C85099 /* PBXContainerItemProxy */ = {
			isa = PBXContainerItemProxy;
			containerPortal = 75664B901A055EF200C85099 /* Project object */;
			proxyType = 1;
			remoteGlobalIDString = 75664B971A055EF200C85099;
			remoteInfo = Payperless;
		};
		756DF5131A0650AB00CBAC10 /* PBXContainerItemProxy */ = {
			isa = PBXContainerItemProxy;
			containerPortal = 75664B901A055EF200C85099 /* Project object */;
			proxyType = 1;
			remoteGlobalIDString = 756DF5071A0650AB00CBAC10;
			remoteInfo = "Payperless Widget";
		};
/* End PBXContainerItemProxy section */

/* Begin PBXCopyFilesBuildPhase section */
		756DF5191A0650AB00CBAC10 /* Embed App Extensions */ = {
			isa = PBXCopyFilesBuildPhase;
			buildActionMask = 2147483647;
			dstPath = "";
			dstSubfolderSpec = 13;
			files = (
				756DF5151A0650AB00CBAC10 /* Payperless Widget.appex in Embed App Extensions */,
			);
			name = "Embed App Extensions";
			runOnlyForDeploymentPostprocessing = 0;
		};
/* End PBXCopyFilesBuildPhase section */

/* Begin PBXFileReference section */
		75664B981A055EF200C85099 /* Payperless.app */ = {isa = PBXFileReference; explicitFileType = wrapper.application; includeInIndex = 0; path = Payperless.app; sourceTree = BUILT_PRODUCTS_DIR; };
		75664B9C1A055EF200C85099 /* Info.plist */ = {isa = PBXFileReference; lastKnownFileType = text.plist.xml; path = Info.plist; sourceTree = "<group>"; };
		75664B9D1A055EF200C85099 /* AppDelegate.swift */ = {isa = PBXFileReference; lastKnownFileType = sourcecode.swift; path = AppDelegate.swift; sourceTree = "<group>"; };
		75664BA01A055EF200C85099 /* Payperless.xcdatamodel */ = {isa = PBXFileReference; lastKnownFileType = wrapper.xcdatamodel; path = Payperless.xcdatamodel; sourceTree = "<group>"; };
		75664BA51A055EF200C85099 /* Base */ = {isa = PBXFileReference; lastKnownFileType = file.storyboard; name = Base; path = Base.lproj/Main.storyboard; sourceTree = "<group>"; };
		75664BA71A055EF200C85099 /* Images.xcassets */ = {isa = PBXFileReference; lastKnownFileType = folder.assetcatalog; path = Images.xcassets; sourceTree = "<group>"; };
		75664BB01A055EF200C85099 /* PayperlessTests.xctest */ = {isa = PBXFileReference; explicitFileType = wrapper.cfbundle; includeInIndex = 0; path = PayperlessTests.xctest; sourceTree = BUILT_PRODUCTS_DIR; };
		75664BB51A055EF200C85099 /* Info.plist */ = {isa = PBXFileReference; lastKnownFileType = text.plist.xml; path = Info.plist; sourceTree = "<group>"; };
		75664BB61A055EF300C85099 /* PayperlessTests.swift */ = {isa = PBXFileReference; lastKnownFileType = sourcecode.swift; path = PayperlessTests.swift; sourceTree = "<group>"; };
		756CEF291A0567F2005B71B7 /* PayperlessAPI.swift */ = {isa = PBXFileReference; fileEncoding = 4; lastKnownFileType = sourcecode.swift; path = PayperlessAPI.swift; sourceTree = "<group>"; };
		756CEF2B1A0580D4005B71B7 /* PayProcess.swift */ = {isa = PBXFileReference; fileEncoding = 4; lastKnownFileType = sourcecode.swift; path = PayProcess.swift; sourceTree = "<group>"; };
		756CEF2E1A0584FC005B71B7 /* BlurView.swift */ = {isa = PBXFileReference; fileEncoding = 4; lastKnownFileType = sourcecode.swift; path = BlurView.swift; sourceTree = "<group>"; };
		756CEF2F1A0584FC005B71B7 /* Data.swift */ = {isa = PBXFileReference; fileEncoding = 4; lastKnownFileType = sourcecode.swift; path = Data.swift; sourceTree = "<group>"; };
		756CEF301A0584FC005B71B7 /* DesignableView.swift */ = {isa = PBXFileReference; fileEncoding = 4; lastKnownFileType = sourcecode.swift; path = DesignableView.swift; sourceTree = "<group>"; };
		756CEF311A0584FC005B71B7 /* Misc.swift */ = {isa = PBXFileReference; fileEncoding = 4; lastKnownFileType = sourcecode.swift; path = Misc.swift; sourceTree = "<group>"; };
		756CEF321A0584FC005B71B7 /* SpringAnimation.swift */ = {isa = PBXFileReference; fileEncoding = 4; lastKnownFileType = sourcecode.swift; path = SpringAnimation.swift; sourceTree = "<group>"; };
		756DF4FA1A05CFAB00CBAC10 /* LocalAuthentication.framework */ = {isa = PBXFileReference; lastKnownFileType = wrapper.framework; name = LocalAuthentication.framework; path = System/Library/Frameworks/LocalAuthentication.framework; sourceTree = SDKROOT; };
		756DF4FC1A05D7C900CBAC10 /* QRCode.swift */ = {isa = PBXFileReference; fileEncoding = 4; lastKnownFileType = sourcecode.swift; path = QRCode.swift; sourceTree = "<group>"; };
		756DF5021A064D9B00CBAC10 /* Base */ = {isa = PBXFileReference; lastKnownFileType = file.xib; name = Base; path = Payperless/Base.lproj/LaunchScreen.xib; sourceTree = "<group>"; };
		756DF5081A0650AB00CBAC10 /* Payperless Widget.appex */ = {isa = PBXFileReference; explicitFileType = "wrapper.app-extension"; includeInIndex = 0; path = "Payperless Widget.appex"; sourceTree = BUILT_PRODUCTS_DIR; };
		756DF50A1A0650AB00CBAC10 /* NotificationCenter.framework */ = {isa = PBXFileReference; lastKnownFileType = wrapper.framework; name = NotificationCenter.framework; path = System/Library/Frameworks/NotificationCenter.framework; sourceTree = SDKROOT; };
		756DF50E1A0650AB00CBAC10 /* Info.plist */ = {isa = PBXFileReference; lastKnownFileType = text.plist.xml; path = Info.plist; sourceTree = "<group>"; };
		756DF50F1A0650AB00CBAC10 /* TodayViewController.swift */ = {isa = PBXFileReference; lastKnownFileType = sourcecode.swift; path = TodayViewController.swift; sourceTree = "<group>"; };
		756DF5111A0650AB00CBAC10 /* MainInterface.storyboard */ = {isa = PBXFileReference; lastKnownFileType = file.storyboard; path = MainInterface.storyboard; sourceTree = "<group>"; };
		756DF51A1A06555500CBAC10 /* Payperless.entitlements */ = {isa = PBXFileReference; lastKnownFileType = text.xml; path = Payperless.entitlements; sourceTree = "<group>"; };
/* End PBXFileReference section */

/* Begin PBXFrameworksBuildPhase section */
		75664B951A055EF200C85099 /* Frameworks */ = {
			isa = PBXFrameworksBuildPhase;
			buildActionMask = 2147483647;
			files = (
				756DF4FB1A05CFAB00CBAC10 /* LocalAuthentication.framework in Frameworks */,
			);
			runOnlyForDeploymentPostprocessing = 0;
		};
		75664BAD1A055EF200C85099 /* Frameworks */ = {
			isa = PBXFrameworksBuildPhase;
			buildActionMask = 2147483647;
			files = (
			);
			runOnlyForDeploymentPostprocessing = 0;
		};
		756DF5051A0650AB00CBAC10 /* Frameworks */ = {
			isa = PBXFrameworksBuildPhase;
			buildActionMask = 2147483647;
			files = (
				756DF50B1A0650AB00CBAC10 /* NotificationCenter.framework in Frameworks */,
			);
			runOnlyForDeploymentPostprocessing = 0;
		};
/* End PBXFrameworksBuildPhase section */

/* Begin PBXGroup section */
		75664B8F1A055EF200C85099 = {
			isa = PBXGroup;
			children = (
				756DF4FA1A05CFAB00CBAC10 /* LocalAuthentication.framework */,
				756CEF2D1A0584FC005B71B7 /* Spring */,
				75664B9A1A055EF200C85099 /* Payperless */,
				75664BB31A055EF200C85099 /* PayperlessTests */,
				756DF50C1A0650AB00CBAC10 /* Payperless Widget */,
				756DF5091A0650AB00CBAC10 /* Frameworks */,
				75664B991A055EF200C85099 /* Products */,
			);
			sourceTree = "<group>";
		};
		75664B991A055EF200C85099 /* Products */ = {
			isa = PBXGroup;
			children = (
				75664B981A055EF200C85099 /* Payperless.app */,
				75664BB01A055EF200C85099 /* PayperlessTests.xctest */,
				756DF5081A0650AB00CBAC10 /* Payperless Widget.appex */,
			);
			name = Products;
			sourceTree = "<group>";
		};
		75664B9A1A055EF200C85099 /* Payperless */ = {
			isa = PBXGroup;
			children = (
				756DF51A1A06555500CBAC10 /* Payperless.entitlements */,
				756DF5011A064D9B00CBAC10 /* LaunchScreen.xib */,
				756DF4FC1A05D7C900CBAC10 /* QRCode.swift */,
				75664B9D1A055EF200C85099 /* AppDelegate.swift */,
				75664BA41A055EF200C85099 /* Main.storyboard */,
				75664BA71A055EF200C85099 /* Images.xcassets */,
				75664B9F1A055EF200C85099 /* Payperless.xcdatamodeld */,
				75664B9B1A055EF200C85099 /* Supporting Files */,
				756CEF291A0567F2005B71B7 /* PayperlessAPI.swift */,
				756CEF2B1A0580D4005B71B7 /* PayProcess.swift */,
			);
			path = Payperless;
			sourceTree = "<group>";
		};
		75664B9B1A055EF200C85099 /* Supporting Files */ = {
			isa = PBXGroup;
			children = (
				75664B9C1A055EF200C85099 /* Info.plist */,
			);
			name = "Supporting Files";
			sourceTree = "<group>";
		};
		75664BB31A055EF200C85099 /* PayperlessTests */ = {
			isa = PBXGroup;
			children = (
				75664BB61A055EF300C85099 /* PayperlessTests.swift */,
				75664BB41A055EF200C85099 /* Supporting Files */,
			);
			path = PayperlessTests;
			sourceTree = "<group>";
		};
		75664BB41A055EF200C85099 /* Supporting Files */ = {
			isa = PBXGroup;
			children = (
				75664BB51A055EF200C85099 /* Info.plist */,
			);
			name = "Supporting Files";
			sourceTree = "<group>";
		};
		756CEF2D1A0584FC005B71B7 /* Spring */ = {
			isa = PBXGroup;
			children = (
				756CEF2E1A0584FC005B71B7 /* BlurView.swift */,
				756CEF2F1A0584FC005B71B7 /* Data.swift */,
				756CEF301A0584FC005B71B7 /* DesignableView.swift */,
				756CEF311A0584FC005B71B7 /* Misc.swift */,
				756CEF321A0584FC005B71B7 /* SpringAnimation.swift */,
			);
			path = Spring;
			sourceTree = "<group>";
		};
		756DF5091A0650AB00CBAC10 /* Frameworks */ = {
			isa = PBXGroup;
			children = (
				756DF50A1A0650AB00CBAC10 /* NotificationCenter.framework */,
			);
			name = Frameworks;
			sourceTree = "<group>";
		};
		756DF50C1A0650AB00CBAC10 /* Payperless Widget */ = {
			isa = PBXGroup;
			children = (
				756DF50F1A0650AB00CBAC10 /* TodayViewController.swift */,
				756DF5111A0650AB00CBAC10 /* MainInterface.storyboard */,
				756DF50D1A0650AB00CBAC10 /* Supporting Files */,
			);
			path = "Payperless Widget";
			sourceTree = "<group>";
		};
		756DF50D1A0650AB00CBAC10 /* Supporting Files */ = {
			isa = PBXGroup;
			children = (
				756DF50E1A0650AB00CBAC10 /* Info.plist */,
			);
			name = "Supporting Files";
			sourceTree = "<group>";
		};
/* End PBXGroup section */

/* Begin PBXNativeTarget section */
		75664B971A055EF200C85099 /* Payperless */ = {
			isa = PBXNativeTarget;
			buildConfigurationList = 75664BBA1A055EF300C85099 /* Build configuration list for PBXNativeTarget "Payperless" */;
			buildPhases = (
				75664B941A055EF200C85099 /* Sources */,
				75664B951A055EF200C85099 /* Frameworks */,
				75664B961A055EF200C85099 /* Resources */,
				756DF5191A0650AB00CBAC10 /* Embed App Extensions */,
			);
			buildRules = (
			);
			dependencies = (
				756DF5141A0650AB00CBAC10 /* PBXTargetDependency */,
			);
			name = Payperless;
			productName = Payperless;
			productReference = 75664B981A055EF200C85099 /* Payperless.app */;
			productType = "com.apple.product-type.application";
		};
		75664BAF1A055EF200C85099 /* PayperlessTests */ = {
			isa = PBXNativeTarget;
			buildConfigurationList = 75664BBD1A055EF300C85099 /* Build configuration list for PBXNativeTarget "PayperlessTests" */;
			buildPhases = (
				75664BAC1A055EF200C85099 /* Sources */,
				75664BAD1A055EF200C85099 /* Frameworks */,
				75664BAE1A055EF200C85099 /* Resources */,
			);
			buildRules = (
			);
			dependencies = (
				75664BB21A055EF200C85099 /* PBXTargetDependency */,
			);
			name = PayperlessTests;
			productName = PayperlessTests;
			productReference = 75664BB01A055EF200C85099 /* PayperlessTests.xctest */;
			productType = "com.apple.product-type.bundle.unit-test";
		};
		756DF5071A0650AB00CBAC10 /* Payperless Widget */ = {
			isa = PBXNativeTarget;
			buildConfigurationList = 756DF5161A0650AB00CBAC10 /* Build configuration list for PBXNativeTarget "Payperless Widget" */;
			buildPhases = (
				756DF5041A0650AB00CBAC10 /* Sources */,
				756DF5051A0650AB00CBAC10 /* Frameworks */,
				756DF5061A0650AB00CBAC10 /* Resources */,
			);
			buildRules = (
			);
			dependencies = (
			);
			name = "Payperless Widget";
			productName = "Payperless Widget";
			productReference = 756DF5081A0650AB00CBAC10 /* Payperless Widget.appex */;
			productType = "com.apple.product-type.app-extension";
		};
/* End PBXNativeTarget section */

/* Begin PBXProject section */
		75664B901A055EF200C85099 /* Project object */ = {
			isa = PBXProject;
			attributes = {
				LastUpgradeCheck = 0610;
				ORGANIZATIONNAME = "Veronica Borges";
				TargetAttributes = {
					75664B971A055EF200C85099 = {
						CreatedOnToolsVersion = 6.1;
						DevelopmentTeam = 5S55D8N6HT;
						SystemCapabilities = {
							com.apple.ApplicationGroups.iOS = {
								enabled = 1;
							};
						};
					};
					75664BAF1A055EF200C85099 = {
						CreatedOnToolsVersion = 6.1;
						TestTargetID = 75664B971A055EF200C85099;
					};
					756DF5071A0650AB00CBAC10 = {
						CreatedOnToolsVersion = 6.1;
						DevelopmentTeam = 5S55D8N6HT;
					};
				};
			};
			buildConfigurationList = 75664B931A055EF200C85099 /* Build configuration list for PBXProject "Payperless" */;
			compatibilityVersion = "Xcode 3.2";
			developmentRegion = English;
			hasScannedForEncodings = 0;
			knownRegions = (
				en,
				Base,
			);
			mainGroup = 75664B8F1A055EF200C85099;
			productRefGroup = 75664B991A055EF200C85099 /* Products */;
			projectDirPath = "";
			projectRoot = "";
			targets = (
				75664B971A055EF200C85099 /* Payperless */,
				75664BAF1A055EF200C85099 /* PayperlessTests */,
				756DF5071A0650AB00CBAC10 /* Payperless Widget */,
			);
		};
/* End PBXProject section */

/* Begin PBXResourcesBuildPhase section */
		75664B961A055EF200C85099 /* Resources */ = {
			isa = PBXResourcesBuildPhase;
			buildActionMask = 2147483647;
			files = (
				75664BA61A055EF200C85099 /* Main.storyboard in Resources */,
				756DF5031A064D9B00CBAC10 /* LaunchScreen.xib in Resources */,
				75664BA81A055EF200C85099 /* Images.xcassets in Resources */,
			);
			runOnlyForDeploymentPostprocessing = 0;
		};
		75664BAE1A055EF200C85099 /* Resources */ = {
			isa = PBXResourcesBuildPhase;
			buildActionMask = 2147483647;
			files = (
			);
			runOnlyForDeploymentPostprocessing = 0;
		};
		756DF5061A0650AB00CBAC10 /* Resources */ = {
			isa = PBXResourcesBuildPhase;
			buildActionMask = 2147483647;
			files = (
				756DF5121A0650AB00CBAC10 /* MainInterface.storyboard in Resources */,
				756DF51B1A06562A00CBAC10 /* Images.xcassets in Resources */,
			);
			runOnlyForDeploymentPostprocessing = 0;
		};
/* End PBXResourcesBuildPhase section */

/* Begin PBXSourcesBuildPhase section */
		75664B941A055EF200C85099 /* Sources */ = {
			isa = PBXSourcesBuildPhase;
			buildActionMask = 2147483647;
			files = (
				756CEF2A1A0567F2005B71B7 /* PayperlessAPI.swift in Sources */,
				756CEF361A0584FC005B71B7 /* Misc.swift in Sources */,
				756CEF341A0584FC005B71B7 /* Data.swift in Sources */,
				756CEF2C1A0580D4005B71B7 /* PayProcess.swift in Sources */,
				756CEF331A0584FC005B71B7 /* BlurView.swift in Sources */,
				756CEF351A0584FC005B71B7 /* DesignableView.swift in Sources */,
				756CEF371A0584FC005B71B7 /* SpringAnimation.swift in Sources */,
				75664B9E1A055EF200C85099 /* AppDelegate.swift in Sources */,
				75664BA11A055EF200C85099 /* Payperless.xcdatamodeld in Sources */,
				756DF4FD1A05D7C900CBAC10 /* QRCode.swift in Sources */,
			);
			runOnlyForDeploymentPostprocessing = 0;
		};
		75664BAC1A055EF200C85099 /* Sources */ = {
			isa = PBXSourcesBuildPhase;
			buildActionMask = 2147483647;
			files = (
				75664BB71A055EF300C85099 /* PayperlessTests.swift in Sources */,
			);
			runOnlyForDeploymentPostprocessing = 0;
		};
		756DF5041A0650AB00CBAC10 /* Sources */ = {
			isa = PBXSourcesBuildPhase;
			buildActionMask = 2147483647;
			files = (
				756DF5101A0650AB00CBAC10 /* TodayViewController.swift in Sources */,
			);
			runOnlyForDeploymentPostprocessing = 0;
		};
/* End PBXSourcesBuildPhase section */

/* Begin PBXTargetDependency section */
		75664BB21A055EF200C85099 /* PBXTargetDependency */ = {
			isa = PBXTargetDependency;
			target = 75664B971A055EF200C85099 /* Payperless */;
			targetProxy = 75664BB11A055EF200C85099 /* PBXContainerItemProxy */;
		};
		756DF5141A0650AB00CBAC10 /* PBXTargetDependency */ = {
			isa = PBXTargetDependency;
			target = 756DF5071A0650AB00CBAC10 /* Payperless Widget */;
			targetProxy = 756DF5131A0650AB00CBAC10 /* PBXContainerItemProxy */;
		};
/* End PBXTargetDependency section */

/* Begin PBXVariantGroup section */
		75664BA41A055EF200C85099 /* Main.storyboard */ = {
			isa = PBXVariantGroup;
			children = (
				75664BA51A055EF200C85099 /* Base */,
			);
			name = Main.storyboard;
			sourceTree = "<group>";
		};
		756DF5011A064D9B00CBAC10 /* LaunchScreen.xib */ = {
			isa = PBXVariantGroup;
			children = (
				756DF5021A064D9B00CBAC10 /* Base */,
			);
			name = LaunchScreen.xib;
			path = ..;
			sourceTree = "<group>";
		};
/* End PBXVariantGroup section */

/* Begin XCBuildConfiguration section */
		75664BB81A055EF300C85099 /* Debug */ = {
			isa = XCBuildConfiguration;
			buildSettings = {
				ALWAYS_SEARCH_USER_PATHS = NO;
				CLANG_CXX_LANGUAGE_STANDARD = "gnu++0x";
				CLANG_CXX_LIBRARY = "libc++";
				CLANG_ENABLE_MODULES = YES;
				CLANG_ENABLE_OBJC_ARC = YES;
				CLANG_WARN_BOOL_CONVERSION = YES;
				CLANG_WARN_CONSTANT_CONVERSION = YES;
				CLANG_WARN_DIRECT_OBJC_ISA_USAGE = YES_ERROR;
				CLANG_WARN_EMPTY_BODY = YES;
				CLANG_WARN_ENUM_CONVERSION = YES;
				CLANG_WARN_INT_CONVERSION = YES;
				CLANG_WARN_OBJC_ROOT_CLASS = YES_ERROR;
				CLANG_WARN_UNREACHABLE_CODE = YES;
				CLANG_WARN__DUPLICATE_METHOD_MATCH = YES;
				"CODE_SIGN_IDENTITY[sdk=iphoneos*]" = "iPhone Developer";
				COPY_PHASE_STRIP = NO;
				ENABLE_STRICT_OBJC_MSGSEND = YES;
				GCC_C_LANGUAGE_STANDARD = gnu99;
				GCC_DYNAMIC_NO_PIC = NO;
				GCC_OPTIMIZATION_LEVEL = 0;
				GCC_PREPROCESSOR_DEFINITIONS = (
					"DEBUG=1",
					"$(inherited)",
				);
				GCC_SYMBOLS_PRIVATE_EXTERN = NO;
				GCC_WARN_64_TO_32_BIT_CONVERSION = YES;
				GCC_WARN_ABOUT_RETURN_TYPE = YES_ERROR;
				GCC_WARN_UNDECLARED_SELECTOR = YES;
				GCC_WARN_UNINITIALIZED_AUTOS = YES_AGGRESSIVE;
				GCC_WARN_UNUSED_FUNCTION = YES;
				GCC_WARN_UNUSED_VARIABLE = YES;
				IPHONEOS_DEPLOYMENT_TARGET = 8.1;
				MTL_ENABLE_DEBUG_INFO = YES;
				ONLY_ACTIVE_ARCH = YES;
				SDKROOT = iphoneos;
				SWIFT_OPTIMIZATION_LEVEL = "-Onone";
			};
			name = Debug;
		};
		75664BB91A055EF300C85099 /* Release */ = {
			isa = XCBuildConfiguration;
			buildSettings = {
				ALWAYS_SEARCH_USER_PATHS = NO;
				CLANG_CXX_LANGUAGE_STANDARD = "gnu++0x";
				CLANG_CXX_LIBRARY = "libc++";
				CLANG_ENABLE_MODULES = YES;
				CLANG_ENABLE_OBJC_ARC = YES;
				CLANG_WARN_BOOL_CONVERSION = YES;
				CLANG_WARN_CONSTANT_CONVERSION = YES;
				CLANG_WARN_DIRECT_OBJC_ISA_USAGE = YES_ERROR;
				CLANG_WARN_EMPTY_BODY = YES;
				CLANG_WARN_ENUM_CONVERSION = YES;
				CLANG_WARN_INT_CONVERSION = YES;
				CLANG_WARN_OBJC_ROOT_CLASS = YES_ERROR;
				CLANG_WARN_UNREACHABLE_CODE = YES;
				CLANG_WARN__DUPLICATE_METHOD_MATCH = YES;
				"CODE_SIGN_IDENTITY[sdk=iphoneos*]" = "iPhone Developer";
				COPY_PHASE_STRIP = YES;
				ENABLE_NS_ASSERTIONS = NO;
				ENABLE_STRICT_OBJC_MSGSEND = YES;
				GCC_C_LANGUAGE_STANDARD = gnu99;
				GCC_WARN_64_TO_32_BIT_CONVERSION = YES;
				GCC_WARN_ABOUT_RETURN_TYPE = YES_ERROR;
				GCC_WARN_UNDECLARED_SELECTOR = YES;
				GCC_WARN_UNINITIALIZED_AUTOS = YES_AGGRESSIVE;
				GCC_WARN_UNUSED_FUNCTION = YES;
				GCC_WARN_UNUSED_VARIABLE = YES;
				IPHONEOS_DEPLOYMENT_TARGET = 8.1;
				MTL_ENABLE_DEBUG_INFO = NO;
				SDKROOT = iphoneos;
				VALIDATE_PRODUCT = YES;
			};
			name = Release;
		};
		75664BBB1A055EF300C85099 /* Debug */ = {
			isa = XCBuildConfiguration;
			buildSettings = {
				ASSETCATALOG_COMPILER_APPICON_NAME = AppIcon;
				ASSETCATALOG_COMPILER_LAUNCHIMAGE_NAME = LaunchImage;
				CODE_SIGN_ENTITLEMENTS = Payperless/Payperless.entitlements;
				CODE_SIGN_IDENTITY = "iPhone Developer";
				"CODE_SIGN_IDENTITY[sdk=iphoneos*]" = "iPhone Developer";
				EMBEDDED_CONTENT_CONTAINS_SWIFT = YES;
				INFOPLIST_FILE = Payperless/Info.plist;
				LD_RUNPATH_SEARCH_PATHS = "$(inherited) @executable_path/Frameworks";
				PRODUCT_NAME = "$(TARGET_NAME)";
				PROVISIONING_PROFILE = "";
			};
			name = Debug;
		};
		75664BBC1A055EF300C85099 /* Release */ = {
			isa = XCBuildConfiguration;
			buildSettings = {
				ASSETCATALOG_COMPILER_APPICON_NAME = AppIcon;
				ASSETCATALOG_COMPILER_LAUNCHIMAGE_NAME = LaunchImage;
				CODE_SIGN_ENTITLEMENTS = Payperless/Payperless.entitlements;
				CODE_SIGN_IDENTITY = "iPhone Developer";
				"CODE_SIGN_IDENTITY[sdk=iphoneos*]" = "iPhone Developer";
				EMBEDDED_CONTENT_CONTAINS_SWIFT = YES;
				INFOPLIST_FILE = Payperless/Info.plist;
				LD_RUNPATH_SEARCH_PATHS = "$(inherited) @executable_path/Frameworks";
				PRODUCT_NAME = "$(TARGET_NAME)";
				PROVISIONING_PROFILE = "";
			};
			name = Release;
		};
		75664BBE1A055EF300C85099 /* Debug */ = {
			isa = XCBuildConfiguration;
			buildSettings = {
				BUNDLE_LOADER = "$(TEST_HOST)";
				FRAMEWORK_SEARCH_PATHS = (
					"$(SDKROOT)/Developer/Library/Frameworks",
					"$(inherited)",
				);
				GCC_PREPROCESSOR_DEFINITIONS = (
					"DEBUG=1",
					"$(inherited)",
				);
				INFOPLIST_FILE = PayperlessTests/Info.plist;
				LD_RUNPATH_SEARCH_PATHS = "$(inherited) @executable_path/Frameworks @loader_path/Frameworks";
				PRODUCT_NAME = "$(TARGET_NAME)";
				TEST_HOST = "$(BUILT_PRODUCTS_DIR)/Payperless.app/Payperless";
			};
			name = Debug;
		};
		75664BBF1A055EF300C85099 /* Release */ = {
			isa = XCBuildConfiguration;
			buildSettings = {
				BUNDLE_LOADER = "$(TEST_HOST)";
				FRAMEWORK_SEARCH_PATHS = (
					"$(SDKROOT)/Developer/Library/Frameworks",
					"$(inherited)",
				);
				INFOPLIST_FILE = PayperlessTests/Info.plist;
				LD_RUNPATH_SEARCH_PATHS = "$(inherited) @executable_path/Frameworks @loader_path/Frameworks";
				PRODUCT_NAME = "$(TARGET_NAME)";
				TEST_HOST = "$(BUILT_PRODUCTS_DIR)/Payperless.app/Payperless";
			};
			name = Release;
		};
		756DF5171A0650AB00CBAC10 /* Debug */ = {
			isa = XCBuildConfiguration;
			buildSettings = {
				CODE_SIGN_IDENTITY = "iPhone Developer";
				"CODE_SIGN_IDENTITY[sdk=iphoneos*]" = "iPhone Developer";
				GCC_PREPROCESSOR_DEFINITIONS = (
					"DEBUG=1",
					"$(inherited)",
				);
				INFOPLIST_FILE = "Payperless Widget/Info.plist";
				LD_RUNPATH_SEARCH_PATHS = "$(inherited) @executable_path/Frameworks @executable_path/../../Frameworks";
				PRODUCT_NAME = "$(TARGET_NAME)";
				SKIP_INSTALL = YES;
			};
			name = Debug;
		};
		756DF5181A0650AB00CBAC10 /* Release */ = {
			isa = XCBuildConfiguration;
			buildSettings = {
				CODE_SIGN_IDENTITY = "iPhone Developer";
				"CODE_SIGN_IDENTITY[sdk=iphoneos*]" = "iPhone Developer";
				INFOPLIST_FILE = "Payperless Widget/Info.plist";
				LD_RUNPATH_SEARCH_PATHS = "$(inherited) @executable_path/Frameworks @executable_path/../../Frameworks";
				PRODUCT_NAME = "$(TARGET_NAME)";
				SKIP_INSTALL = YES;
			};
			name = Release;
		};
/* End XCBuildConfiguration section */

/* Begin XCConfigurationList section */
		75664B931A055EF200C85099 /* Build configuration list for PBXProject "Payperless" */ = {
			isa = XCConfigurationList;
			buildConfigurations = (
				75664BB81A055EF300C85099 /* Debug */,
				75664BB91A055EF300C85099 /* Release */,
			);
			defaultConfigurationIsVisible = 0;
			defaultConfigurationName = Release;
		};
		75664BBA1A055EF300C85099 /* Build configuration list for PBXNativeTarget "Payperless" */ = {
			isa = XCConfigurationList;
			buildConfigurations = (
				75664BBB1A055EF300C85099 /* Debug */,
				75664BBC1A055EF300C85099 /* Release */,
			);
			defaultConfigurationIsVisible = 0;
			defaultConfigurationName = Release;
		};
		75664BBD1A055EF300C85099 /* Build configuration list for PBXNativeTarget "PayperlessTests" */ = {
			isa = XCConfigurationList;
			buildConfigurations = (
				75664BBE1A055EF300C85099 /* Debug */,
				75664BBF1A055EF300C85099 /* Release */,
			);
			defaultConfigurationIsVisible = 0;
			defaultConfigurationName = Release;
		};
		756DF5161A0650AB00CBAC10 /* Build configuration list for PBXNativeTarget "Payperless Widget" */ = {
			isa = XCConfigurationList;
			buildConfigurations = (
				756DF5171A0650AB00CBAC10 /* Debug */,
				756DF5181A0650AB00CBAC10 /* Release */,
			);
			defaultConfigurationIsVisible = 0;
		};
/* End XCConfigurationList section */

/* Begin XCVersionGroup section */
		75664B9F1A055EF200C85099 /* Payperless.xcdatamodeld */ = {
			isa = XCVersionGroup;
			children = (
				75664BA01A055EF200C85099 /* Payperless.xcdatamodel */,
			);
			currentVersion = 75664BA01A055EF200C85099 /* Payperless.xcdatamodel */;
			path = Payperless.xcdatamodeld;
			sourceTree = "<group>";
			versionGroupType = wrapper.xcdatamodel;
		};
/* End XCVersionGroup section */
	};
	rootObject = 75664B901A055EF200C85099 /* Project object */;
}
